
Microsoft Visual Studio Solution File, Format Version 12.00
# Visual Studio Version 17
VisualStudioVersion = 17.8.34330.188
MinimumVisualStudioVersion = 10.0.40219.1
Project("{9A19103F-16F7-4668-BE54-9A1E7A4F7556}") = "Application", "Application\Application.csproj", "{359AB1E5-7138-4A23-B3C1-F2A5113A3546}"
EndProject
Project("{9A19103F-16F7-4668-BE54-9A1E7A4F7556}") = "Core", "Core\Core.csproj", "{02A1EC95-AB66-41CD-9D49-81FD750B6707}"
EndProject
Project("{9A19103F-16F7-4668-BE54-9A1E7A4F7556}") = "Infrastructure", "Infrastructure\Infrastructure.csproj", "{5A8E8384-788B-429F-863C-99ED450A3F39}"
EndProject
Project("{9A19103F-16F7-4668-BE54-9A1E7A4F7556}") = "WebApi", "WebApi\WebApi.csproj", "{B561F6CE-7644-4F5E-A436-79B1B87C4639}"
EndProject
Project("{9A19103F-16F7-4668-BE54-9A1E7A4F7556}") = "FrontView", "FrontView\FrontView.csproj", "{4326FCF9-6412-427B-BEFE-54ED3004D0F0}"
EndProject
Global
	GlobalSection(SolutionConfigurationPlatforms) = preSolution
		Debug|Any CPU = Debug|Any CPU
		Release|Any CPU = Release|Any CPU
	EndGlobalSection
	GlobalSection(ProjectConfigurationPlatforms) = postSolution
		{359AB1E5-7138-4A23-B3C1-F2A5113A3546}.Debug|Any CPU.ActiveCfg = Debug|Any CPU
		{359AB1E5-7138-4A23-B3C1-F2A5113A3546}.Debug|Any CPU.Build.0 = Debug|Any CPU
		{359AB1E5-7138-4A23-B3C1-F2A5113A3546}.Release|Any CPU.ActiveCfg = Release|Any CPU
		{359AB1E5-7138-4A23-B3C1-F2A5113A3546}.Release|Any CPU.Build.0 = Release|Any CPU
		{02A1EC95-AB66-41CD-9D49-81FD750B6707}.Debug|Any CPU.ActiveCfg = Debug|Any CPU
		{02A1EC95-AB66-41CD-9D49-81FD750B6707}.Debug|Any CPU.Build.0 = Debug|Any CPU
		{02A1EC95-AB66-41CD-9D49-81FD750B6707}.Release|Any CPU.ActiveCfg = Release|Any CPU
		{02A1EC95-AB66-41CD-9D49-81FD750B6707}.Release|Any CPU.Build.0 = Release|Any CPU
		{5A8E8384-788B-429F-863C-99ED450A3F39}.Debug|Any CPU.ActiveCfg = Debug|Any CPU
		{5A8E8384-788B-429F-863C-99ED450A3F39}.Debug|Any CPU.Build.0 = Debug|Any CPU
		{5A8E8384-788B-429F-863C-99ED450A3F39}.Release|Any CPU.ActiveCfg = Release|Any CPU
		{5A8E8384-788B-429F-863C-99ED450A3F39}.Release|Any CPU.Build.0 = Release|Any CPU
		{B561F6CE-7644-4F5E-A436-79B1B87C4639}.Debug|Any CPU.ActiveCfg = Debug|Any CPU
		{B561F6CE-7644-4F5E-A436-79B1B87C4639}.Debug|Any CPU.Build.0 = Debug|Any CPU
		{B561F6CE-7644-4F5E-A436-79B1B87C4639}.Release|Any CPU.ActiveCfg = Release|Any CPU
		{B561F6CE-7644-4F5E-A436-79B1B87C4639}.Release|Any CPU.Build.0 = Release|Any CPU
		{4326FCF9-6412-427B-BEFE-54ED3004D0F0}.Debug|Any CPU.ActiveCfg = Debug|Any CPU
		{4326FCF9-6412-427B-BEFE-54ED3004D0F0}.Debug|Any CPU.Build.0 = Debug|Any CPU
		{4326FCF9-6412-427B-BEFE-54ED3004D0F0}.Release|Any CPU.ActiveCfg = Release|Any CPU
		{4326FCF9-6412-427B-BEFE-54ED3004D0F0}.Release|Any CPU.Build.0 = Release|Any CPU
	EndGlobalSection
	GlobalSection(SolutionProperties) = preSolution
		HideSolutionNode = FALSE
	EndGlobalSection
	GlobalSection(ExtensibilityGlobals) = postSolution
		SolutionGuid = {A6D05294-4FFF-4D38-9535-4C78566D02D1}
	EndGlobalSection
EndGlobal
